#MicroXplorer Configuration settings - do not modify
Mcu.Family=STM32F4
ProjectManager.MainLocation=Core/Src
VP_SYS_VS_tim6.Mode=TIM6
USART2.IPParameters=VirtualMode
RCC.CortexFreq_Value=100000000
ProjectManager.KeepUserCode=true
Mcu.UserName=STM32F410RBTx
NVIC.TIM6_DAC_IRQn=true\:0\:0\:false\:false\:true\:false\:true
PC10.Locked=true
RCC.PLLCLKFreq_Value=100000000
PC10.Signal=GPIO_Output
PA12.GPIOParameters=GPIO_Label
ProjectManager.functionlistsort=1-MX_GPIO_Init-GPIO-false-HAL-true,2-MX_DMA_Init-DMA-false-HAL-true,3-SystemClock_Config-RCC-false-HAL-false,4-MX_ADC1_Init-ADC1-false-HAL-true,5-MX_I2C1_Init-I2C1-false-HAL-true,6-MX_TIM11_Init-TIM11-false-HAL-true,7-MX_USART2_UART_Init-USART2-false-HAL-true
PC3.Locked=true
RCC.RTCFreq_Value=32000
PinOutPanel.RotationAngle=0
RCC.SYSCLKSource=RCC_SYSCLKSOURCE_PLLCLK
ProjectManager.StackSize=0x400
RCC.LPTIM1Freq_Value=50000000
Mcu.IP4=RCC
RCC.FCLKCortexFreq_Value=100000000
Mcu.IP5=SYS
Mcu.IP2=I2C1
I2C1.IPParameters=I2C_Mode
NVIC.SVCall_IRQn=true\:0\:0\:false\:false\:true\:false\:false
Mcu.IP3=NVIC
Mcu.IP0=ADC1
PA15.GPIO_Label=OE_LED
PA12.Locked=true
Mcu.IP1=DMA
PA12.Signal=GPIO_Output
Mcu.UserConstants=
PH0\ -\ OSC_IN.Signal=RCC_OSC_IN
Mcu.ThirdPartyNb=0
RCC.HCLKFreq_Value=100000000
Mcu.IPNb=8
RCC.I2SClocksFreq_Value=100000000
ProjectManager.PreviousToolchain=STM32CubeIDE
RCC.APB2TimFreq_Value=100000000
PB6.Signal=I2C1_SCL
Dma.ADC1.0.Direction=DMA_PERIPH_TO_MEMORY
ADC1.Channel-2\#ChannelRegularConversion=ADC_CHANNEL_1
SH.SharedAnalog_PA1.ConfNb=2
PB6.Mode=I2C
PC3.Signal=SharedAnalog_PC3
Mcu.Pin6=PA3
NVIC.DMA2_Stream0_IRQn=true\:0\:0\:false\:false\:true\:false\:true
Mcu.Pin7=PA12
SH.SharedAnalog_PC3.ConfNb=2
Mcu.Pin8=PA13
Mcu.Pin9=PA14
Dma.ADC1.0.MemDataAlignment=DMA_MDATAALIGN_HALFWORD
RCC.AHBFreq_Value=100000000
Mcu.Pin0=PH0 - OSC_IN
TIM11.IPParameters=Prescaler
Mcu.Pin1=PH1 - OSC_OUT
GPIO.groupedBy=Group By Peripherals
Mcu.Pin2=PC3
Mcu.Pin3=PA0-WKUP
PA0-WKUP.GPIOParameters=GPIO_Label
Mcu.Pin4=PA1
Mcu.Pin5=PA2
ADC1.Channel-0\#ChannelRegularConversion=ADC_CHANNEL_13
ProjectManager.ProjectBuild=false
RCC.HSE_VALUE=16000000
NVIC.UsageFault_IRQn=true\:0\:0\:false\:false\:true\:false\:false
NVIC.DebugMonitor_IRQn=true\:0\:0\:false\:false\:true\:false\:false
PB3.Mode=Trace_Asynchronous_SW
NVIC.SysTick_IRQn=true\:0\:0\:false\:false\:true\:false\:true
ProjectManager.FirmwarePackage=STM32Cube FW_F4 V1.26.0
MxDb.Version=DB.6.0.20
ADC1.Rank-2\#ChannelRegularConversion=3
PA1.GPIOParameters=GPIO_Label
ProjectManager.BackupPrevious=false
RCC.VCOInputFreq_Value=2000000
PA14.Mode=Trace_Asynchronous_SW
Dma.ADC1.0.PeriphInc=DMA_PINC_DISABLE
File.Version=6
PB8.PinState=GPIO_PIN_RESET
PB7.Signal=I2C1_SDA
PB8.Locked=true
PB6.Locked=true
NVIC.PendSV_IRQn=true\:0\:0\:false\:false\:true\:false\:false
Dma.RequestsNb=1
ProjectManager.HalAssertFull=false
ADC1.SamplingTime-0\#ChannelRegularConversion=ADC_SAMPLETIME_3CYCLES
ProjectManager.ProjectName=ADC_DMA_TEST_F410RB
RCC.MCO2PinFreq_Value=100000000
Mcu.Package=LQFP64
NVIC.TimeBase=TIM6_DAC_IRQn
USART2.VirtualMode=VM_ASYNC
RCC.EnbaleCSS=true
PA14.Locked=true
ProjectManager.ToolChainLocation=
RCC.LSI_VALUE=32000
NVIC.TimeBaseIP=TIM6
PA15.Signal=GPIO_Output
VP_TIM11_VS_ClockSourceINT.Signal=TIM11_VS_ClockSourceINT
RCC.APB1TimFreq_Value=100000000
NVIC.BusFault_IRQn=true\:0\:0\:false\:false\:true\:false\:false
Dma.ADC1.0.FIFOMode=DMA_FIFOMODE_DISABLE
Dma.Request0=ADC1
ADC1.EOCSelection=ADC_EOC_SEQ_CONV
ProjectManager.CustomerFirmwarePackage=
PB3.Locked=true
PA3.Signal=USART2_RX
RCC.VCOQOutputFreq_Value=50000000
PA2.Locked=true
RCC.PLLSourceVirtual=RCC_PLLSOURCE_HSE
RCC.VCOROutputFreq_Value=100000000
ProjectManager.ProjectFileName=ADC_DMA_TEST_F410RB.ioc
Dma.ADC1.0.Instance=DMA2_Stream0
PB8.GPIOParameters=PinState,GPIO_Label
ADC1.Rank-0\#ChannelRegularConversion=1
PA15.GPIOParameters=GPIO_Label
PC10.GPIO_Label=CC_LED
Mcu.PinsNb=18
ProjectManager.NoMain=false
SH.SharedAnalog_PC3.1=ADC1_IN13,IN13
SH.SharedAnalog_PA0.0=GPIO_Analog
SH.SharedAnalog_PC3.0=GPIO_Analog
SH.SharedAnalog_PA0.1=ADC1_IN0,IN0
ADC1.IPParameters=Rank-0\#ChannelRegularConversion,master,Channel-0\#ChannelRegularConversion,SamplingTime-0\#ChannelRegularConversion,NbrOfConversionFlag,DMAContinuousRequests,EOCSelection,Rank-1\#ChannelRegularConversion,Channel-1\#ChannelRegularConversion,SamplingTime-1\#ChannelRegularConversion,Rank-2\#ChannelRegularConversion,Channel-2\#ChannelRegularConversion,SamplingTime-2\#ChannelRegularConversion,NbrOfConversion
RCC.FMPI2C1Freq_Value=50000000
PH1\ -\ OSC_OUT.Mode=HSE-External-Oscillator
ProjectManager.DefaultFWLocation=true
TIM11.Prescaler=8400-1
ProjectManager.DeletePrevious=true
RCC.APB1CLKDivider=RCC_HCLK_DIV2
PA12.GPIO_Label=VI_LED
ADC1.SamplingTime-2\#ChannelRegularConversion=ADC_SAMPLETIME_3CYCLES
RCC.FamilyName=M
PA0-WKUP.GPIO_Label=VO_SENSE
PA0-WKUP.Signal=SharedAnalog_PA0
VP_TIM11_VS_ClockSourceINT.Mode=Enable_Timer
PA0-WKUP.Locked=true
PC3.GPIOParameters=GPIO_Label
PA13.Signal=SYS_JTMS-SWDIO
PA3.Mode=Asynchronous
PB8.GPIO_Label=OLED_RST
Dma.ADC1.0.PeriphDataAlignment=DMA_PDATAALIGN_HALFWORD
PA15.Locked=true
PH0\ -\ OSC_IN.Mode=HSE-External-Oscillator
ProjectManager.TargetToolchain=STM32CubeIDE
Dma.ADC1.0.Mode=DMA_CIRCULAR
I2C1.I2C_Mode=I2C_Fast
Dma.ADC1.0.Priority=DMA_PRIORITY_HIGH
ADC1.Channel-1\#ChannelRegularConversion=ADC_CHANNEL_0
ProjectManager.RegisterCallBack=
RCC.LSE_VALUE=32768
PA1.Signal=SharedAnalog_PA1
PH1\ -\ OSC_OUT.Signal=RCC_OSC_OUT
board=custom
RCC.VCOOutputFreq_Value=200000000
ProjectManager.LastFirmware=true
Dma.ADC1.0.RequestParameters=Instance,Direction,PeriphInc,MemInc,PeriphDataAlignment,MemDataAlignment,Mode,Priority,FIFOMode
VP_SYS_VS_tim6.Signal=SYS_VS_tim6
RCC.APB2Freq_Value=100000000
MxCube.Version=6.2.0
PA1.GPIO_Label=VI_SENSE
RCC.EthernetFreq_Value=100000000
NVIC.NonMaskableInt_IRQn=true\:0\:0\:false\:false\:true\:false\:true
PC10.GPIOParameters=GPIO_Label
ADC1.DMAContinuousRequests=ENABLE
SH.SharedAnalog_PA0.ConfNb=2
ADC1.NbrOfConversion=3
PA13.Mode=Trace_Asynchronous_SW
ProjectManager.FreePins=false
RCC.IPParameters=48MHZClocksFreq_Value,AHBFreq_Value,APB1CLKDivider,APB1Freq_Value,APB1TimFreq_Value,APB2Freq_Value,APB2TimFreq_Value,CortexFreq_Value,EnbaleCSS,EthernetFreq_Value,FCLKCortexFreq_Value,FMPI2C1Freq_Value,FamilyName,HCLKFreq_Value,HSE_VALUE,HSI_VALUE,I2SClocksFreq_Value,LPTIM1Freq_Value,LSE_VALUE,LSI_VALUE,MCO2PinFreq_Value,PLLCLKFreq_Value,PLLM,PLLN,PLLSourceVirtual,RTCFreq_Value,RTCHSEDivFreq_Value,SYSCLKFreq_VALUE,SYSCLKSource,VCOInputFreq_Value,VCOOutputFreq_Value,VCOQOutputFreq_Value,VCOROutputFreq_Value
ProjectManager.AskForMigrate=true
Mcu.Name=STM32F410R(8-B)Tx
RCC.RTCHSEDivFreq_Value=8000000
PA2.Signal=USART2_TX
ProjectManager.UnderRoot=true
Mcu.IP6=TIM11
Mcu.IP7=USART2
ProjectManager.CoupleFile=false
RCC.48MHZClocksFreq_Value=50000000
PB3.Signal=SYS_JTDO-SWO
ADC1.SamplingTime-1\#ChannelRegularConversion=ADC_SAMPLETIME_3CYCLES
RCC.SYSCLKFreq_VALUE=100000000
PA1.Locked=true
ADC1.master=1
PA3.Locked=true
NVIC.ForceEnableDMAVector=true
KeepUserPlacement=false
NVIC.MemoryManagement_IRQn=true\:0\:0\:false\:false\:true\:false\:false
PA13.Locked=true
ProjectManager.CompilerOptimize=6
ADC1.Rank-1\#ChannelRegularConversion=2
PB7.Mode=I2C
PA14.Signal=SYS_JTCK-SWCLK
Dma.ADC1.0.MemInc=DMA_MINC_ENABLE
ProjectManager.HeapSize=0x200
Mcu.Pin15=PB8
NVIC.HardFault_IRQn=true\:0\:0\:false\:false\:true\:false\:false
Mcu.Pin16=VP_SYS_VS_tim6
Mcu.Pin13=PB6
Mcu.Pin14=PB7
ProjectManager.ComputerToolchain=false
Mcu.Pin17=VP_TIM11_VS_ClockSourceINT
RCC.HSI_VALUE=16000000
SH.SharedAnalog_PA1.1=ADC1_IN1,IN1
NVIC.PriorityGroup=NVIC_PRIORITYGROUP_4
SH.SharedAnalog_PA1.0=GPIO_Analog
ADC1.NbrOfConversionFlag=1
Mcu.Pin11=PC10
Mcu.Pin12=PB3
RCC.PLLM=8
RCC.PLLN=100
Mcu.Pin10=PA15
PB7.Locked=true
PA2.Mode=Asynchronous
PB8.Signal=GPIO_Output
PC3.GPIO_Label=I_SENSE
RCC.APB1Freq_Value=50000000
ProjectManager.DeviceId=STM32F410RBTx
ProjectManager.LibraryCopy=1
isbadioc=false
