#MicroXplorer Configuration settings - do not modify
Mcu.Family=STM32F4
ProjectManager.MainLocation=Core/Src
VP_SYS_VS_tim6.Mode=TIM6
USART2.IPParameters=VirtualMode
RCC.CortexFreq_Value=100000000
ProjectManager.KeepUserCode=true
Mcu.UserName=STM32F410RBTx
NVIC.TIM6_DAC_IRQn=true\:0\:0\:false\:false\:true\:false\:false\:true
PC12.Locked=true
PC10.Locked=true
RCC.PLLCLKFreq_Value=100000000
PC12.Signal=GPIO_Input
PC10.Signal=GPIO_Output
PA12.GPIOParameters=GPIO_Label
ProjectManager.functionlistsort=1-MX_GPIO_Init-GPIO-false-HAL-true,2-SystemClock_Config-RCC-false-HAL-false,3-MX_ADC1_Init-ADC1-false-HAL-true,4-MX_I2C1_Init-I2C1-false-HAL-true,5-MX_TIM11_Init-TIM11-false-HAL-true,6-MX_USART2_UART_Init-USART2-false-HAL-true
PC3.Locked=true
RCC.RTCFreq_Value=32000
PC1.Locked=true
PB11.Signal=GPIO_Input
PinOutPanel.RotationAngle=0
RCC.SYSCLKSource=RCC_SYSCLKSOURCE_PLLCLK
ProjectManager.StackSize=0x400
PB5.GPIOParameters=GPIO_Label
VP_FREERTOS_VS_CMSIS_V2.Mode=CMSIS_V2
RCC.LPTIM1Freq_Value=50000000
Mcu.IP4=RCC
RCC.FCLKCortexFreq_Value=100000000
Mcu.IP5=SYS
Mcu.IP2=I2C1
I2C1.IPParameters=I2C_Mode
NVIC.SVCall_IRQn=true\:0\:0\:false\:false\:false\:false\:false\:false
Mcu.IP3=NVIC
PA15.GPIO_Label=OE_LED
PB4.GPIOParameters=GPIO_Label
Mcu.IP0=ADC1
FREERTOS.configENABLE_FPU=1
PA12.Locked=true
Mcu.IP1=FREERTOS
PA12.Signal=GPIO_Output
Mcu.UserConstants=
PH0\ -\ OSC_IN.Signal=RCC_OSC_IN
PC1.GPIOParameters=PinState,GPIO_Label
Mcu.ThirdPartyNb=0
RCC.HCLKFreq_Value=100000000
Mcu.IPNb=8
RCC.I2SClocksFreq_Value=100000000
ProjectManager.PreviousToolchain=STM32CubeIDE
RCC.APB2TimFreq_Value=100000000
PB6.Signal=I2C1_SCL
SH.SharedAnalog_PA1.ConfNb=2
PB6.Mode=I2C
PC3.Signal=SharedAnalog_PC3
Mcu.Pin6=PA2
Mcu.Pin7=PA3
SH.SharedAnalog_PC3.ConfNb=2
Mcu.Pin8=PA12
Mcu.Pin9=PA13
FREERTOS.IPParameters=Tasks01,configENABLE_FPU,FootprintOK
PC1.PinState=GPIO_PIN_SET
RCC.AHBFreq_Value=100000000
Mcu.Pin0=PH0 - OSC_IN
TIM11.IPParameters=Prescaler
Mcu.Pin1=PH1 - OSC_OUT
GPIO.groupedBy=Group By Peripherals
Mcu.Pin2=PC1
Mcu.Pin3=PC3
PA0-WKUP.GPIOParameters=GPIO_Label
Mcu.Pin4=PA0-WKUP
NVIC.EXTI15_10_IRQn=true\:5\:0\:false\:false\:true\:true\:true\:true
Mcu.Pin5=PA1
ADC1.Channel-0\#ChannelRegularConversion=ADC_CHANNEL_13
ProjectManager.ProjectBuild=false
RCC.HSE_VALUE=16000000
NVIC.UsageFault_IRQn=true\:0\:0\:false\:false\:true\:false\:false\:false
NVIC.DebugMonitor_IRQn=true\:0\:0\:false\:false\:true\:false\:false\:false
PB3.Mode=Trace_Asynchronous_SW
NVIC.SysTick_IRQn=true\:15\:0\:false\:false\:false\:true\:false\:true
ProjectManager.FirmwarePackage=STM32Cube FW_F4 V1.26.0
MxDb.Version=DB.6.0.20
PA1.GPIOParameters=GPIO_Label
ProjectManager.BackupPrevious=false
RCC.VCOInputFreq_Value=2000000
PA14.Mode=Trace_Asynchronous_SW
PC11.GPIO_Label=nSW_INT
File.Version=6
PB8.PinState=GPIO_PIN_RESET
PB7.Signal=I2C1_SDA
PB8.Locked=true
SH.GPXTI11.ConfNb=1
PB6.Locked=true
NVIC.PendSV_IRQn=true\:15\:0\:false\:false\:false\:true\:false\:false
ProjectManager.HalAssertFull=false
ADC1.SamplingTime-0\#ChannelRegularConversion=ADC_SAMPLETIME_3CYCLES
ProjectManager.ProjectName=PSW_FW_F410RB_RTOS
RCC.MCO2PinFreq_Value=100000000
Mcu.Package=LQFP64
NVIC.TimeBase=TIM6_DAC_IRQn
SH.GPXTI11.0=GPIO_EXTI11
USART2.VirtualMode=VM_ASYNC
RCC.EnbaleCSS=true
PA14.Locked=true
ProjectManager.ToolChainLocation=
RCC.LSI_VALUE=32000
NVIC.TimeBaseIP=TIM6
FREERTOS.FootprintOK=true
PA15.Signal=GPIO_Output
VP_TIM11_VS_ClockSourceINT.Signal=TIM11_VS_ClockSourceINT
PB5.GPIO_Label=nSW_OE
RCC.APB1TimFreq_Value=100000000
NVIC.BusFault_IRQn=true\:0\:0\:false\:false\:true\:false\:false\:false
ProjectManager.CustomerFirmwarePackage=
PB3.Locked=true
PB4.Signal=GPIO_Input
PA3.Signal=USART2_RX
RCC.VCOQOutputFreq_Value=50000000
PA2.Locked=true
RCC.PLLSourceVirtual=RCC_PLLSOURCE_HSE
RCC.VCOROutputFreq_Value=100000000
ProjectManager.ProjectFileName=PSW_FW_F410RB_RTOS.ioc
FREERTOS.Tasks01=uartTxTask,24,128,startUartTxTask,Default,NULL,Dynamic,NULL,NULL;uartRxTask,24,128,startUartRxTask,Default,NULL,Dynamic,NULL,NULL;oledTask,8,256,startOledTask,Default,NULL,Dynamic,NULL,NULL;initPsuTask,47,128,startInitPsuTask,Default,NULL,Dynamic,NULL,NULL;ledTask,8,128,startLedTask,Default,NULL,Dynamic,NULL,NULL
PB8.GPIOParameters=PinState,GPIO_Label
ADC1.Rank-0\#ChannelRegularConversion=1
PA15.GPIOParameters=GPIO_Label
PC10.GPIO_Label=CC_LED
Mcu.PinsNb=25
ProjectManager.NoMain=false
PC11.Locked=true
SH.SharedAnalog_PC3.1=ADC1_IN13,IN13
SH.SharedAnalog_PC3.0=GPIO_Analog
SH.SharedAnalog_PA0.0=GPIO_Analog
SH.SharedAnalog_PA0.1=ADC1_IN0,IN0
ADC1.IPParameters=Rank-0\#ChannelRegularConversion,master,Channel-0\#ChannelRegularConversion,SamplingTime-0\#ChannelRegularConversion,NbrOfConversionFlag
NVIC.SavedSvcallIrqHandlerGenerated=true
PC11.Signal=GPXTI11
RCC.FMPI2C1Freq_Value=50000000
PH1\ -\ OSC_OUT.Mode=HSE-External-Oscillator
PB11.GPIO_Label=nSW_DW
ProjectManager.DefaultFWLocation=true
TIM11.Prescaler=8400-1
ProjectManager.DeletePrevious=true
RCC.APB1CLKDivider=RCC_HCLK_DIV2
PC11.GPIOParameters=GPIO_Label,GPIO_ModeDefaultEXTI
PA12.GPIO_Label=VI_LED
RCC.FamilyName=M
PA0-WKUP.GPIO_Label=VO_SENSE
PA0-WKUP.Signal=SharedAnalog_PA0
VP_TIM11_VS_ClockSourceINT.Mode=Enable_Timer
PA0-WKUP.Locked=true
PC3.GPIOParameters=GPIO_Label
PC12.GPIOParameters=GPIO_Label
PA13.Signal=SYS_JTMS-SWDIO
PA3.Mode=Asynchronous
PB8.GPIO_Label=OLED_RST
PA15.Locked=true
PH0\ -\ OSC_IN.Mode=HSE-External-Oscillator
ProjectManager.TargetToolchain=STM32CubeIDE
I2C1.I2C_Mode=I2C_Fast
PB11.GPIOParameters=GPIO_Label
PB5.Locked=true
ProjectManager.RegisterCallBack=
RCC.LSE_VALUE=32768
PA1.Signal=SharedAnalog_PA1
PH1\ -\ OSC_OUT.Signal=RCC_OSC_OUT
board=custom
RCC.VCOOutputFreq_Value=200000000
ProjectManager.LastFirmware=true
VP_SYS_VS_tim6.Signal=SYS_VS_tim6
NVIC.SavedSystickIrqHandlerGenerated=true
RCC.APB2Freq_Value=100000000
MxCube.Version=6.2.0
PB4.GPIO_Label=nSW_UP
PC11.GPIO_ModeDefaultEXTI=GPIO_MODE_IT_FALLING
PA1.GPIO_Label=VI_SENSE
PC1.GPIO_Label=REG_EN
RCC.EthernetFreq_Value=100000000
NVIC.NonMaskableInt_IRQn=true\:0\:0\:false\:false\:true\:false\:false\:true
PC10.GPIOParameters=GPIO_Label
SH.SharedAnalog_PA0.ConfNb=2
PA13.Mode=Trace_Asynchronous_SW
ProjectManager.FreePins=false
RCC.IPParameters=48MHZClocksFreq_Value,AHBFreq_Value,APB1CLKDivider,APB1Freq_Value,APB1TimFreq_Value,APB2Freq_Value,APB2TimFreq_Value,CortexFreq_Value,EnbaleCSS,EthernetFreq_Value,FCLKCortexFreq_Value,FMPI2C1Freq_Value,FamilyName,HCLKFreq_Value,HSE_VALUE,HSI_VALUE,I2SClocksFreq_Value,LPTIM1Freq_Value,LSE_VALUE,LSI_VALUE,MCO2PinFreq_Value,PLLCLKFreq_Value,PLLM,PLLN,PLLSourceVirtual,RTCFreq_Value,RTCHSEDivFreq_Value,SYSCLKFreq_VALUE,SYSCLKSource,VCOInputFreq_Value,VCOOutputFreq_Value,VCOQOutputFreq_Value,VCOROutputFreq_Value
ProjectManager.AskForMigrate=true
Mcu.Name=STM32F410R(8-B)Tx
NVIC.SavedPendsvIrqHandlerGenerated=true
RCC.RTCHSEDivFreq_Value=8000000
PA2.Signal=USART2_TX
Mcu.Pin24=VP_TIM11_VS_ClockSourceINT
ProjectManager.UnderRoot=true
VP_FREERTOS_VS_CMSIS_V2.Signal=FREERTOS_VS_CMSIS_V2
Mcu.IP6=TIM11
Mcu.IP7=USART2
ProjectManager.CoupleFile=false
RCC.48MHZClocksFreq_Value=50000000
PB4.Locked=true
PB3.Signal=SYS_JTDO-SWO
RCC.SYSCLKFreq_VALUE=100000000
PB5.Signal=GPIO_Input
Mcu.Pin22=VP_FREERTOS_VS_CMSIS_V2
Mcu.Pin23=VP_SYS_VS_tim6
PA1.Locked=true
Mcu.Pin20=PB7
ADC1.master=1
Mcu.Pin21=PB8
PA3.Locked=true
NVIC.ForceEnableDMAVector=true
KeepUserPlacement=false
NVIC.MemoryManagement_IRQn=true\:0\:0\:false\:false\:true\:false\:false\:false
PA13.Locked=true
PC12.GPIO_Label=nSW_VI
ProjectManager.CompilerOptimize=6
PB7.Mode=I2C
PA14.Signal=SYS_JTCK-SWCLK
ProjectManager.HeapSize=0x200
Mcu.Pin15=PB11
NVIC.HardFault_IRQn=true\:0\:0\:false\:false\:true\:false\:false\:false
Mcu.Pin16=PB3
Mcu.Pin13=PC11
Mcu.Pin14=PC12
Mcu.Pin19=PB6
ProjectManager.ComputerToolchain=false
Mcu.Pin17=PB4
RCC.HSI_VALUE=16000000
Mcu.Pin18=PB5
SH.SharedAnalog_PA1.1=ADC1_IN1,IN1
NVIC.PriorityGroup=NVIC_PRIORITYGROUP_4
SH.SharedAnalog_PA1.0=GPIO_Analog
ADC1.NbrOfConversionFlag=1
Mcu.Pin11=PA15
Mcu.Pin12=PC10
RCC.PLLM=8
RCC.PLLN=100
Mcu.Pin10=PA14
PB7.Locked=true
PA2.Mode=Asynchronous
PB8.Signal=GPIO_Output
PC3.GPIO_Label=I_SENSE
RCC.APB1Freq_Value=50000000
PB11.Locked=true
ProjectManager.DeviceId=STM32F410RBTx
PC1.Signal=GPIO_Output
ProjectManager.LibraryCopy=1
isbadioc=false
